
Microsoft Visual Studio Solution File, Format Version 12.00
# Visual Studio Version 17
VisualStudioVersion = 17.11.35431.28
MinimumVisualStudioVersion = 10.0.40219.1
Project("{FAE04EC0-301F-11D3-BF4B-00C04F79EFBC}") = "MouseControl", "MouseControl\MouseControl.csproj", "{A495756A-6555-480C-B3AB-9844EE687CFC}"
EndProject
Global
	GlobalSection(SolutionConfigurationPlatforms) = preSolution
		Debug|Any CPU = Debug|Any CPU
		Release|Any CPU = Release|Any CPU
	EndGlobalSection
	GlobalSection(ProjectConfigurationPlatforms) = postSolution
		{A495756A-6555-480C-B3AB-9844EE687CFC}.Debug|Any CPU.ActiveCfg = Debug|Any CPU
		{A495756A-6555-480C-B3AB-9844EE687CFC}.Debug|Any CPU.Build.0 = Debug|Any CPU
		{A495756A-6555-480C-B3AB-9844EE687CFC}.Release|Any CPU.ActiveCfg = Release|Any CPU
		{A495756A-6555-480C-B3AB-9844EE687CFC}.Release|Any CPU.Build.0 = Release|Any CPU
	EndGlobalSection
	GlobalSection(SolutionProperties) = preSolution
		HideSolutionNode = FALSE
	EndGlobalSection
	GlobalSection(ExtensibilityGlobals) = postSolution
		SolutionGuid = {F7CBC76D-FE97-41BE-B61E-701F8E6B08DD}
	EndGlobalSection
EndGlobal
